
Microsoft Visual Studio Solution File, Format Version 12.00
# Visual Studio Version 16
VisualStudioVersion = 16.0.29926.136
MinimumVisualStudioVersion = 10.0.40219.1
Project("{8BC9CEB8-8B4A-11D0-8D11-00A0C91BC942}") = "Zeus", "Zeus.vcxproj", "{EC3ACD7E-790B-48F4-9410-32855AA7CBBE}"
EndProject
Global
	GlobalSection(SolutionConfigurationPlatforms) = preSolution
		Debug|x64 = Debug|x64
		Private Release|x64 = Private Release|x64
		Release|x64 = Release|x64
	EndGlobalSection
	GlobalSection(ProjectConfigurationPlatforms) = postSolution
		{EC3ACD7E-790B-48F4-9410-32855AA7CBBE}.Debug|x64.ActiveCfg = Debug|x64
		{EC3ACD7E-790B-48F4-9410-32855AA7CBBE}.Debug|x64.Build.0 = Debug|x64
		{EC3ACD7E-790B-48F4-9410-32855AA7CBBE}.Private Release|x64.ActiveCfg = Release|x64
		{EC3ACD7E-790B-48F4-9410-32855AA7CBBE}.Private Release|x64.Build.0 = Release|x64
		{EC3ACD7E-790B-48F4-9410-32855AA7CBBE}.Release|x64.ActiveCfg = Release|x64
		{EC3ACD7E-790B-48F4-9410-32855AA7CBBE}.Release|x64.Build.0 = Release|x64
	EndGlobalSection
	GlobalSection(SolutionProperties) = preSolution
		HideSolutionNode = FALSE
	EndGlobalSection
	GlobalSection(ExtensibilityGlobals) = postSolution
		SolutionGuid = {2633A3AD-7D62-4D7E-973D-E29806FD2BE5}
	EndGlobalSection
EndGlobal
